
Microsoft Visual Studio Solution File, Format Version 12.00
# Visual Studio 15
VisualStudioVersion = 15.0.28307.1585
MinimumVisualStudioVersion = 10.0.40219.1
Project("{9A19103F-16F7-4668-BE54-9A1E7A4F7556}") = "Reumpr", "Reumpr\Reumpr.csproj", "{6EF95B43-7CAB-4045-9D16-680BE5A764C7}"
EndProject
Project("{FAE04EC0-301F-11D3-BF4B-00C04F79EFBC}") = "Reumpr.Tests", "ReumprTests\Reumpr.Tests.csproj", "{6A4431C4-5E46-42AD-B152-52F2A7786529}"
EndProject
Project("{9A19103F-16F7-4668-BE54-9A1E7A4F7556}") = "Reumpr.Service", "Reumpr.Service\Reumpr.Service.csproj", "{394F36AE-3992-4564-9F17-FABD8196BC62}"
EndProject
Project("{FAE04EC0-301F-11D3-BF4B-00C04F79EFBC}") = "Reumpr.Service.Tests", "Reumpr.Service.Tests\Reumpr.Service.Tests.csproj", "{DA94474E-C71A-47E6-B6FF-0E71FFC57981}"
EndProject
Global
	GlobalSection(SolutionConfigurationPlatforms) = preSolution
		Debug|Any CPU = Debug|Any CPU
		Release|Any CPU = Release|Any CPU
	EndGlobalSection
	GlobalSection(ProjectConfigurationPlatforms) = postSolution
		{6EF95B43-7CAB-4045-9D16-680BE5A764C7}.Debug|Any CPU.ActiveCfg = Debug|Any CPU
		{6EF95B43-7CAB-4045-9D16-680BE5A764C7}.Debug|Any CPU.Build.0 = Debug|Any CPU
		{6EF95B43-7CAB-4045-9D16-680BE5A764C7}.Release|Any CPU.ActiveCfg = Release|Any CPU
		{6EF95B43-7CAB-4045-9D16-680BE5A764C7}.Release|Any CPU.Build.0 = Release|Any CPU
		{6A4431C4-5E46-42AD-B152-52F2A7786529}.Debug|Any CPU.ActiveCfg = Debug|Any CPU
		{6A4431C4-5E46-42AD-B152-52F2A7786529}.Debug|Any CPU.Build.0 = Debug|Any CPU
		{6A4431C4-5E46-42AD-B152-52F2A7786529}.Release|Any CPU.ActiveCfg = Release|Any CPU
		{6A4431C4-5E46-42AD-B152-52F2A7786529}.Release|Any CPU.Build.0 = Release|Any CPU
		{394F36AE-3992-4564-9F17-FABD8196BC62}.Debug|Any CPU.ActiveCfg = Debug|Any CPU
		{394F36AE-3992-4564-9F17-FABD8196BC62}.Debug|Any CPU.Build.0 = Debug|Any CPU
		{394F36AE-3992-4564-9F17-FABD8196BC62}.Release|Any CPU.ActiveCfg = Release|Any CPU
		{394F36AE-3992-4564-9F17-FABD8196BC62}.Release|Any CPU.Build.0 = Release|Any CPU
		{DA94474E-C71A-47E6-B6FF-0E71FFC57981}.Debug|Any CPU.ActiveCfg = Debug|Any CPU
		{DA94474E-C71A-47E6-B6FF-0E71FFC57981}.Debug|Any CPU.Build.0 = Debug|Any CPU
		{DA94474E-C71A-47E6-B6FF-0E71FFC57981}.Release|Any CPU.ActiveCfg = Release|Any CPU
		{DA94474E-C71A-47E6-B6FF-0E71FFC57981}.Release|Any CPU.Build.0 = Release|Any CPU
	EndGlobalSection
	GlobalSection(SolutionProperties) = preSolution
		HideSolutionNode = FALSE
	EndGlobalSection
	GlobalSection(ExtensibilityGlobals) = postSolution
		SolutionGuid = {EC6509BB-F59C-4BA3-9879-56C0DF127BFA}
	EndGlobalSection
EndGlobal
